{
  "name": "@zhangjr0575/selection-box",
  "version": "1.0.1",
  "lockfileVersion": 1,
  "requires": true,
  "dependencies": {
    "@zhangjr0575/view-free-visual": {
      "version": "1.0.0",
      "resolved": "https://registry.npmjs.org/@zhangjr0575/view-free-visual/-/view-free-visual-1.0.0.tgz",
      "integrity": "sha512-bcF5LT4TZOHZEX/CIvJHG1U2b3g6d0RQJJsWD/+46RYP7C2Azft/yoMHbCuVI2YNKfvya2qP/usLvyoDMmoJ7w=="
    }
  }
}
